
Microsoft Visual Studio Solution File, Format Version 12.00
# Visual Studio Version 16
VisualStudioVersion = 16.0.30907.101
MinimumVisualStudioVersion = 10.0.40219.1
Project("{FAE04EC0-301F-11D3-BF4B-00C04F79EFBC}") = "App.BLL", "src\App.BLL\App.BLL.csproj", "{08935927-D22B-4448-82FE-D847FD82B362}"
EndProject
Project("{FAE04EC0-301F-11D3-BF4B-00C04F79EFBC}") = "App.Data", "src\App.Data\App.Data.csproj", "{9061E970-8E04-4C18-98F0-AD8D4BADB4D4}"
EndProject
Project("{FAE04EC0-301F-11D3-BF4B-00C04F79EFBC}") = "App.WebUI", "src\App.WebUI\App.WebUI.csproj", "{D683B876-F3C0-42BF-94BF-5C9CDD7CE9F5}"
EndProject
Global
	GlobalSection(SolutionConfigurationPlatforms) = preSolution
		Debug|Any CPU = Debug|Any CPU
		Release|Any CPU = Release|Any CPU
	EndGlobalSection
	GlobalSection(ProjectConfigurationPlatforms) = postSolution
		{08935927-D22B-4448-82FE-D847FD82B362}.Debug|Any CPU.ActiveCfg = Debug|Any CPU
		{08935927-D22B-4448-82FE-D847FD82B362}.Debug|Any CPU.Build.0 = Debug|Any CPU
		{08935927-D22B-4448-82FE-D847FD82B362}.Release|Any CPU.ActiveCfg = Release|Any CPU
		{08935927-D22B-4448-82FE-D847FD82B362}.Release|Any CPU.Build.0 = Release|Any CPU
		{9061E970-8E04-4C18-98F0-AD8D4BADB4D4}.Debug|Any CPU.ActiveCfg = Debug|Any CPU
		{9061E970-8E04-4C18-98F0-AD8D4BADB4D4}.Debug|Any CPU.Build.0 = Debug|Any CPU
		{9061E970-8E04-4C18-98F0-AD8D4BADB4D4}.Release|Any CPU.ActiveCfg = Release|Any CPU
		{9061E970-8E04-4C18-98F0-AD8D4BADB4D4}.Release|Any CPU.Build.0 = Release|Any CPU
		{D683B876-F3C0-42BF-94BF-5C9CDD7CE9F5}.Debug|Any CPU.ActiveCfg = Debug|Any CPU
		{D683B876-F3C0-42BF-94BF-5C9CDD7CE9F5}.Debug|Any CPU.Build.0 = Debug|Any CPU
		{D683B876-F3C0-42BF-94BF-5C9CDD7CE9F5}.Release|Any CPU.ActiveCfg = Release|Any CPU
		{D683B876-F3C0-42BF-94BF-5C9CDD7CE9F5}.Release|Any CPU.Build.0 = Release|Any CPU
	EndGlobalSection
	GlobalSection(SolutionProperties) = preSolution
		HideSolutionNode = FALSE
	EndGlobalSection
	GlobalSection(ExtensibilityGlobals) = postSolution
		SolutionGuid = {88535CF7-42EC-435B-8069-057EA5BD3B55}
	EndGlobalSection
EndGlobal
